
Microsoft Visual Studio Solution File, Format Version 12.00
# Visual Studio 15
VisualStudioVersion = 15.0.28307.168
MinimumVisualStudioVersion = 10.0.40219.1
Project("{FAE04EC0-301F-11D3-BF4B-00C04F79EFBC}") = "MessageBoard12", "MessageBoard12\MessageBoard12.csproj", "{DEEF070D-82DC-46A7-AA8E-99E300A6ADA3}"
EndProject
Global
	GlobalSection(SolutionConfigurationPlatforms) = preSolution
		Debug|Any CPU = Debug|Any CPU
		Release|Any CPU = Release|Any CPU
	EndGlobalSection
	GlobalSection(ProjectConfigurationPlatforms) = postSolution
		{DEEF070D-82DC-46A7-AA8E-99E300A6ADA3}.Debug|Any CPU.ActiveCfg = Debug|Any CPU
		{DEEF070D-82DC-46A7-AA8E-99E300A6ADA3}.Debug|Any CPU.Build.0 = Debug|Any CPU
		{DEEF070D-82DC-46A7-AA8E-99E300A6ADA3}.Release|Any CPU.ActiveCfg = Release|Any CPU
		{DEEF070D-82DC-46A7-AA8E-99E300A6ADA3}.Release|Any CPU.Build.0 = Release|Any CPU
	EndGlobalSection
	GlobalSection(SolutionProperties) = preSolution
		HideSolutionNode = FALSE
	EndGlobalSection
	GlobalSection(ExtensibilityGlobals) = postSolution
		SolutionGuid = {B139CFA1-4EAD-4834-ACDD-58F53D6798FC}
	EndGlobalSection
EndGlobal
